
Microsoft Visual Studio Solution File, Format Version 12.00
# Visual Studio 2017
Project("{FAE04EC0-301F-11D3-BF4B-00C04F79EFBC}") = "CastleFight", "CastleFight.csproj", "{674EB7B6-A13D-E743-D33B-DD52E4DFE611}"
EndProject
Project("{FAE04EC0-301F-11D3-BF4B-00C04F79EFBC}") = "CastleFight.Editor", "CastleFight.Editor.csproj", "{4D6670EA-A13B-FB07-B13D-4345362F8128}"
EndProject
Global
	GlobalSection(SolutionConfigurationPlatforms) = preSolution
		Debug|Any CPU = Debug|Any CPU
		Release|Any CPU = Release|Any CPU
	EndGlobalSection
	GlobalSection(ProjectConfigurationPlatforms) = postSolution
		{674EB7B6-A13D-E743-D33B-DD52E4DFE611}.Debug|Any CPU.ActiveCfg = Debug|Any CPU
		{674EB7B6-A13D-E743-D33B-DD52E4DFE611}.Debug|Any CPU.Build.0 = Debug|Any CPU
		{674EB7B6-A13D-E743-D33B-DD52E4DFE611}.Release|Any CPU.ActiveCfg = Release|Any CPU
		{674EB7B6-A13D-E743-D33B-DD52E4DFE611}.Release|Any CPU.Build.0 = Release|Any CPU
		{4D6670EA-A13B-FB07-B13D-4345362F8128}.Debug|Any CPU.ActiveCfg = Debug|Any CPU
		{4D6670EA-A13B-FB07-B13D-4345362F8128}.Debug|Any CPU.Build.0 = Debug|Any CPU
		{4D6670EA-A13B-FB07-B13D-4345362F8128}.Release|Any CPU.ActiveCfg = Release|Any CPU
		{4D6670EA-A13B-FB07-B13D-4345362F8128}.Release|Any CPU.Build.0 = Release|Any CPU
	EndGlobalSection
	GlobalSection(SolutionProperties) = preSolution
		HideSolutionNode = FALSE
	EndGlobalSection
EndGlobal
