
Microsoft Visual Studio Solution File, Format Version 12.00
# Visual Studio 2017
Project("{FAE04EC0-301F-11D3-BF4B-00C04F79EFBC}") = "Castle Fight", "Castle Fight.csproj", "{90CECEB8-F367-CDDF-DC94-5419812DA3FE}"
EndProject
Project("{FAE04EC0-301F-11D3-BF4B-00C04F79EFBC}") = "Castle Fight.Editor", "Castle Fight.Editor.csproj", "{BD3DAF25-E14D-240F-949A-5E65349DDCE0}"
EndProject
Global
	GlobalSection(SolutionConfigurationPlatforms) = preSolution
		Debug|Any CPU = Debug|Any CPU
		Release|Any CPU = Release|Any CPU
	EndGlobalSection
	GlobalSection(ProjectConfigurationPlatforms) = postSolution
		{90CECEB8-F367-CDDF-DC94-5419812DA3FE}.Debug|Any CPU.ActiveCfg = Debug|Any CPU
		{90CECEB8-F367-CDDF-DC94-5419812DA3FE}.Debug|Any CPU.Build.0 = Debug|Any CPU
		{90CECEB8-F367-CDDF-DC94-5419812DA3FE}.Release|Any CPU.ActiveCfg = Release|Any CPU
		{90CECEB8-F367-CDDF-DC94-5419812DA3FE}.Release|Any CPU.Build.0 = Release|Any CPU
		{BD3DAF25-E14D-240F-949A-5E65349DDCE0}.Debug|Any CPU.ActiveCfg = Debug|Any CPU
		{BD3DAF25-E14D-240F-949A-5E65349DDCE0}.Debug|Any CPU.Build.0 = Debug|Any CPU
		{BD3DAF25-E14D-240F-949A-5E65349DDCE0}.Release|Any CPU.ActiveCfg = Release|Any CPU
		{BD3DAF25-E14D-240F-949A-5E65349DDCE0}.Release|Any CPU.Build.0 = Release|Any CPU
	EndGlobalSection
	GlobalSection(SolutionProperties) = preSolution
		HideSolutionNode = FALSE
	EndGlobalSection
EndGlobal
